// !$*UTF8*$!
{
	archiveVersion = 1;
	classes = {
	};
	objectVersion = 46;
	objects = {

/* Begin PBXBuildFile section */
		FDEDBD7E1B35A17300D59186 /* AppDelegate.swift in Sources */ = {isa = PBXBuildFile; fileRef = FDEDBD7D1B35A17300D59186 /* AppDelegate.swift */; };
		FDEDBD801B35A17300D59186 /* ViewController.swift in Sources */ = {isa = PBXBuildFile; fileRef = FDEDBD7F1B35A17300D59186 /* ViewController.swift */; };
		FDEDBD821B35A17300D59186 /* Assets.xcassets in Resources */ = {isa = PBXBuildFile; fileRef = FDEDBD811B35A17300D59186 /* Assets.xcassets */; };
		FDEDBD851B35A17300D59186 /* Main.storyboard in Resources */ = {isa = PBXBuildFile; fileRef = FDEDBD831B35A17300D59186 /* Main.storyboard */; };
/* End PBXBuildFile section */

/* Begin PBXFileReference section */
		FDEDBD7A1B35A17300D59186 /* BLKActFiller.app */ = {isa = PBXFileReference; explicitFileType = wrapper.application; includeInIndex = 0; path = BLKActFiller.app; sourceTree = BUILT_PRODUCTS_DIR; };
		FDEDBD7D1B35A17300D59186 /* AppDelegate.swift */ = {isa = PBXFileReference; lastKnownFileType = sourcecode.swift; path = AppDelegate.swift; sourceTree = "<group>"; };
		FDEDBD7F1B35A17300D59186 /* ViewController.swift */ = {isa = PBXFileReference; lastKnownFileType = sourcecode.swift; path = ViewController.swift; sourceTree = "<group>"; };
		FDEDBD811B35A17300D59186 /* Assets.xcassets */ = {isa = PBXFileReference; lastKnownFileType = folder.assetcatalog; path = Assets.xcassets; sourceTree = "<group>"; };
		FDEDBD841B35A17300D59186 /* Base */ = {isa = PBXFileReference; lastKnownFileType = file.storyboard; name = Base; path = Base.lproj/Main.storyboard; sourceTree = "<group>"; };
		FDEDBD861B35A17300D59186 /* Info.plist */ = {isa = PBXFileReference; lastKnownFileType = text.plist.xml; path = Info.plist; sourceTree = "<group>"; };
/* End PBXFileReference section */

/* Begin PBXFrameworksBuildPhase section */
		FDEDBD771B35A17300D59186 /* Frameworks */ = {
			isa = PBXFrameworksBuildPhase;
			buildActionMask = 2147483647;
			files = (
			);
			runOnlyForDeploymentPostprocessing = 0;
		};
/* End PBXFrameworksBuildPhase section */

/* Begin PBXGroup section */
		FDEDBD711B35A17300D59186 = {
			isa = PBXGroup;
			children = (
				FDEDBD7C1B35A17300D59186 /* BLKActFiller */,
				FDEDBD7B1B35A17300D59186 /* Products */,
			);
			sourceTree = "<group>";
		};
		FDEDBD7B1B35A17300D59186 /* Products */ = {
			isa = PBXGroup;
			children = (
				FDEDBD7A1B35A17300D59186 /* BLKActFiller.app */,
			);
			name = Products;
			sourceTree = "<group>";
		};
		FDEDBD7C1B35A17300D59186 /* BLKActFiller */ = {
			isa = PBXGroup;
			children = (
				FDEDBD7D1B35A17300D59186 /* AppDelegate.swift */,
				FDEDBD7F1B35A17300D59186 /* ViewController.swift */,
				FDEDBD811B35A17300D59186 /* Assets.xcassets */,
				FDEDBD831B35A17300D59186 /* Main.storyboard */,
				FDEDBD861B35A17300D59186 /* Info.plist */,
			);
			path = BLKActFiller;
			sourceTree = "<group>";
		};
/* End PBXGroup section */

/* Begin PBXNativeTarget section */
		FDEDBD791B35A17300D59186 /* BLKActFiller */ = {
			isa = PBXNativeTarget;
			buildConfigurationList = FDEDBD891B35A17300D59186 /* Build configuration list for PBXNativeTarget "BLKActFiller" */;
			buildPhases = (
				FDEDBD761B35A17300D59186 /* Sources */,
				FDEDBD771B35A17300D59186 /* Frameworks */,
				FDEDBD781B35A17300D59186 /* Resources */,
			);
			buildRules = (
			);
			dependencies = (
			);
			name = BLKActFiller;
			productName = BLKActFiller;
			productReference = FDEDBD7A1B35A17300D59186 /* BLKActFiller.app */;
			productType = "com.apple.product-type.application";
		};
/* End PBXNativeTarget section */

/* Begin PBXProject section */
		FDEDBD721B35A17300D59186 /* Project object */ = {
			isa = PBXProject;
			attributes = {
				LastUpgradeCheck = 0700;
				ORGANIZATIONNAME = black9;
				TargetAttributes = {
					FDEDBD791B35A17300D59186 = {
						CreatedOnToolsVersion = 7.0;
					};
				};
			};
			buildConfigurationList = FDEDBD751B35A17300D59186 /* Build configuration list for PBXProject "BLKActFiller" */;
			compatibilityVersion = "Xcode 3.2";
			developmentRegion = English;
			hasScannedForEncodings = 0;
			knownRegions = (
				en,
				Base,
			);
			mainGroup = FDEDBD711B35A17300D59186;
			productRefGroup = FDEDBD7B1B35A17300D59186 /* Products */;
			projectDirPath = "";
			projectRoot = "";
			targets = (
				FDEDBD791B35A17300D59186 /* BLKActFiller */,
			);
		};
/* End PBXProject section */

/* Begin PBXResourcesBuildPhase section */
		FDEDBD781B35A17300D59186 /* Resources */ = {
			isa = PBXResourcesBuildPhase;
			buildActionMask = 2147483647;
			files = (
				FDEDBD821B35A17300D59186 /* Assets.xcassets in Resources */,
				FDEDBD851B35A17300D59186 /* Main.storyboard in Resources */,
			);
			runOnlyForDeploymentPostprocessing = 0;
		};
/* End PBXResourcesBuildPhase section */

/* Begin PBXSourcesBuildPhase section */
		FDEDBD761B35A17300D59186 /* Sources */ = {
			isa = PBXSourcesBuildPhase;
			buildActionMask = 2147483647;
			files = (
				FDEDBD801B35A17300D59186 /* ViewController.swift in Sources */,
				FDEDBD7E1B35A17300D59186 /* AppDelegate.swift in Sources */,
			);
			runOnlyForDeploymentPostprocessing = 0;
		};
/* End PBXSourcesBuildPhase section */

/* Begin PBXVariantGroup section */
		FDEDBD831B35A17300D59186 /* Main.storyboard */ = {
			isa = PBXVariantGroup;
			children = (
				FDEDBD841B35A17300D59186 /* Base */,
			);
			name = Main.storyboard;
			sourceTree = "<group>";
		};
/* End PBXVariantGroup section */

/* Begin XCBuildConfiguration section */
		FDEDBD871B35A17300D59186 /* Debug */ = {
			isa = XCBuildConfiguration;
			buildSettings = {
				ALWAYS_SEARCH_USER_PATHS = NO;
				CLANG_CXX_LANGUAGE_STANDARD = "gnu++0x";
				CLANG_CXX_LIBRARY = "libc++";
				CLANG_ENABLE_MODULES = YES;
				CLANG_ENABLE_OBJC_ARC = YES;
				CLANG_WARN_BOOL_CONVERSION = YES;
				CLANG_WARN_CONSTANT_CONVERSION = YES;
				CLANG_WARN_DIRECT_OBJC_ISA_USAGE = YES_ERROR;
				CLANG_WARN_EMPTY_BODY = YES;
				CLANG_WARN_ENUM_CONVERSION = YES;
				CLANG_WARN_INT_CONVERSION = YES;
				CLANG_WARN_OBJC_ROOT_CLASS = YES_ERROR;
				CLANG_WARN_UNREACHABLE_CODE = YES;
				CLANG_WARN__DUPLICATE_METHOD_MATCH = YES;
				CODE_SIGN_IDENTITY = "-";
				COPY_PHASE_STRIP = NO;
				DEBUG_INFORMATION_FORMAT = dwarf;
				ENABLE_STRICT_OBJC_MSGSEND = YES;
				ENABLE_TESTABILITY = YES;
				GCC_C_LANGUAGE_STANDARD = gnu99;
				GCC_DYNAMIC_NO_PIC = NO;
				GCC_NO_COMMON_BLOCKS = YES;
				GCC_OPTIMIZATION_LEVEL = 0;
				GCC_PREPROCESSOR_DEFINITIONS = (
					"DEBUG=1",
					"$(inherited)",
				);
				GCC_WARN_64_TO_32_BIT_CONVERSION = YES;
				GCC_WARN_ABOUT_RETURN_TYPE = YES_ERROR;
				GCC_WARN_UNDECLARED_SELECTOR = YES;
				GCC_WARN_UNINITIALIZED_AUTOS = YES_AGGRESSIVE;
				GCC_WARN_UNUSED_FUNCTION = YES;
				GCC_WARN_UNUSED_VARIABLE = YES;
				MACOSX_DEPLOYMENT_TARGET = 10.10;
				MTL_ENABLE_DEBUG_INFO = YES;
				ONLY_ACTIVE_ARCH = YES;
				SDKROOT = macosx;
				SWIFT_OPTIMIZATION_LEVEL = "-Onone";
			};
			name = Debug;
		};
		FDEDBD881B35A17300D59186 /* Release */ = {
			isa = XCBuildConfiguration;
			buildSettings = {
				ALWAYS_SEARCH_USER_PATHS = NO;
				CLANG_CXX_LANGUAGE_STANDARD = "gnu++0x";
				CLANG_CXX_LIBRARY = "libc++";
				CLANG_ENABLE_MODULES = YES;
				CLANG_ENABLE_OBJC_ARC = YES;
				CLANG_WARN_BOOL_CONVERSION = YES;
				CLANG_WARN_CONSTANT_CONVERSION = YES;
				CLANG_WARN_DIRECT_OBJC_ISA_USAGE = YES_ERROR;
				CLANG_WARN_EMPTY_BODY = YES;
				CLANG_WARN_ENUM_CONVERSION = YES;
				CLANG_WARN_INT_CONVERSION = YES;
				CLANG_WARN_OBJC_ROOT_CLASS = YES_ERROR;
				CLANG_WARN_UNREACHABLE_CODE = YES;
				CLANG_WARN__DUPLICATE_METHOD_MATCH = YES;
				CODE_SIGN_IDENTITY = "-";
				COPY_PHASE_STRIP = NO;
				DEBUG_INFORMATION_FORMAT = "dwarf-with-dsym";
				ENABLE_NS_ASSERTIONS = NO;
				ENABLE_STRICT_OBJC_MSGSEND = YES;
				GCC_C_LANGUAGE_STANDARD = gnu99;
				GCC_NO_COMMON_BLOCKS = YES;
				GCC_WARN_64_TO_32_BIT_CONVERSION = YES;
				GCC_WARN_ABOUT_RETURN_TYPE = YES_ERROR;
				GCC_WARN_UNDECLARED_SELECTOR = YES;
				GCC_WARN_UNINITIALIZED_AUTOS = YES_AGGRESSIVE;
				GCC_WARN_UNUSED_FUNCTION = YES;
				GCC_WARN_UNUSED_VARIABLE = YES;
				MACOSX_DEPLOYMENT_TARGET = 10.10;
				MTL_ENABLE_DEBUG_INFO = NO;
				SDKROOT = macosx;
			};
			name = Release;
		};
		FDEDBD8A1B35A17300D59186 /* Debug */ = {
			isa = XCBuildConfiguration;
			buildSettings = {
				ASSETCATALOG_COMPILER_APPICON_NAME = AppIcon;
				COMBINE_HIDPI_IMAGES = YES;
				INFOPLIST_FILE = BLKActFiller/Info.plist;
				LD_RUNPATH_SEARCH_PATHS = "$(inherited) @executable_path/../Frameworks";
				PRODUCT_BUNDLE_IDENTIFIER = com.blackki9.BLKActFiller;
				PRODUCT_NAME = "$(TARGET_NAME)";
			};
			name = Debug;
		};
		FDEDBD8B1B35A17300D59186 /* Release */ = {
			isa = XCBuildConfiguration;
			buildSettings = {
				ASSETCATALOG_COMPILER_APPICON_NAME = AppIcon;
				COMBINE_HIDPI_IMAGES = YES;
				INFOPLIST_FILE = BLKActFiller/Info.plist;
				LD_RUNPATH_SEARCH_PATHS = "$(inherited) @executable_path/../Frameworks";
				PRODUCT_BUNDLE_IDENTIFIER = com.blackki9.BLKActFiller;
				PRODUCT_NAME = "$(TARGET_NAME)";
			};
			name = Release;
		};
/* End XCBuildConfiguration section */

/* Begin XCConfigurationList section */
		FDEDBD751B35A17300D59186 /* Build configuration list for PBXProject "BLKActFiller" */ = {
			isa = XCConfigurationList;
			buildConfigurations = (
				FDEDBD871B35A17300D59186 /* Debug */,
				FDEDBD881B35A17300D59186 /* Release */,
			);
			defaultConfigurationIsVisible = 0;
			defaultConfigurationName = Release;
		};
		FDEDBD891B35A17300D59186 /* Build configuration list for PBXNativeTarget "BLKActFiller" */ = {
			isa = XCConfigurationList;
			buildConfigurations = (
				FDEDBD8A1B35A17300D59186 /* Debug */,
				FDEDBD8B1B35A17300D59186 /* Release */,
			);
			defaultConfigurationIsVisible = 0;
		};
/* End XCConfigurationList section */
	};
	rootObject = FDEDBD721B35A17300D59186 /* Project object */;
}
